
Microsoft Visual Studio Solution File, Format Version 12.00
# Visual Studio Version 17
VisualStudioVersion = 17.14.36623.8
MinimumVisualStudioVersion = 10.0.40219.1
Project("{FAE04EC0-301F-11D3-BF4B-00C04F79EFBC}") = "GM R6 Recoil Control", "GM R6 Recoil Control\GM R6 Recoil Control.csproj", "{3381B610-E0F3-44FF-BFF9-1A7FCFF61A53}"
EndProject
Global
	GlobalSection(SolutionConfigurationPlatforms) = preSolution
		Debug|Any CPU = Debug|Any CPU
		Release|Any CPU = Release|Any CPU
	EndGlobalSection
	GlobalSection(ProjectConfigurationPlatforms) = postSolution
		{3381B610-E0F3-44FF-BFF9-1A7FCFF61A53}.Debug|Any CPU.ActiveCfg = Debug|Any CPU
		{3381B610-E0F3-44FF-BFF9-1A7FCFF61A53}.Debug|Any CPU.Build.0 = Debug|Any CPU
		{3381B610-E0F3-44FF-BFF9-1A7FCFF61A53}.Release|Any CPU.ActiveCfg = Release|Any CPU
		{3381B610-E0F3-44FF-BFF9-1A7FCFF61A53}.Release|Any CPU.Build.0 = Release|Any CPU
	EndGlobalSection
	GlobalSection(SolutionProperties) = preSolution
		HideSolutionNode = FALSE
	EndGlobalSection
	GlobalSection(ExtensibilityGlobals) = postSolution
		SolutionGuid = {478556F0-F799-4C41-9D37-EAC3655D3DDC}
	EndGlobalSection
EndGlobal
